
Microsoft Visual Studio Solution File, Format Version 12.00
# Visual Studio 15
VisualStudioVersion = 15.0.27004.2002
MinimumVisualStudioVersion = 10.0.40219.1
Project("{9A19103F-16F7-4668-BE54-9A1E7A4F7556}") = "Unity.Interception", "src\Unity.Interception.csproj", "{B73259E0-77F8-41FD-9A7A-CAB8AC231086}"
EndProject
Project("{9A19103F-16F7-4668-BE54-9A1E7A4F7556}") = "Interception.Tests", "tests\Unity.Interception.Tests.csproj", "{83D32085-6A48-4EDE-B1CD-1B6D00BE10C9}"
EndProject
Global
	GlobalSection(SolutionConfigurationPlatforms) = preSolution
		Debug|Any CPU = Debug|Any CPU
		Package|Any CPU = Package|Any CPU
		Release|Any CPU = Release|Any CPU
	EndGlobalSection
	GlobalSection(ProjectConfigurationPlatforms) = postSolution
		{B73259E0-77F8-41FD-9A7A-CAB8AC231086}.Debug|Any CPU.ActiveCfg = Debug|Any CPU
		{B73259E0-77F8-41FD-9A7A-CAB8AC231086}.Debug|Any CPU.Build.0 = Debug|Any CPU
		{B73259E0-77F8-41FD-9A7A-CAB8AC231086}.Package|Any CPU.ActiveCfg = Package|Any CPU
		{B73259E0-77F8-41FD-9A7A-CAB8AC231086}.Package|Any CPU.Build.0 = Package|Any CPU
		{B73259E0-77F8-41FD-9A7A-CAB8AC231086}.Release|Any CPU.ActiveCfg = Release|Any CPU
		{B73259E0-77F8-41FD-9A7A-CAB8AC231086}.Release|Any CPU.Build.0 = Release|Any CPU
		{83D32085-6A48-4EDE-B1CD-1B6D00BE10C9}.Debug|Any CPU.ActiveCfg = Debug|Any CPU
		{83D32085-6A48-4EDE-B1CD-1B6D00BE10C9}.Debug|Any CPU.Build.0 = Debug|Any CPU
		{83D32085-6A48-4EDE-B1CD-1B6D00BE10C9}.Package|Any CPU.ActiveCfg = Debug|Any CPU
		{83D32085-6A48-4EDE-B1CD-1B6D00BE10C9}.Package|Any CPU.Build.0 = Debug|Any CPU
		{83D32085-6A48-4EDE-B1CD-1B6D00BE10C9}.Release|Any CPU.ActiveCfg = Release|Any CPU
		{83D32085-6A48-4EDE-B1CD-1B6D00BE10C9}.Release|Any CPU.Build.0 = Release|Any CPU
	EndGlobalSection
	GlobalSection(SolutionProperties) = preSolution
		HideSolutionNode = FALSE
	EndGlobalSection
	GlobalSection(ExtensibilityGlobals) = postSolution
		SolutionGuid = {7D864CD1-AEA6-4EDF-B8F8-071CE7F88251}
	EndGlobalSection
EndGlobal
